
Microsoft Visual Studio Solution File, Format Version 12.00
# Visual Studio Version 17
VisualStudioVersion = 17.4.33110.190
MinimumVisualStudioVersion = 10.0.40219.1
Project("{FAE04EC0-301F-11D3-BF4B-00C04F79EFBC}") = "MYEmployeePortal_OnVM", "MYEmployeePortal_OnVM\MYEmployeePortal_OnVM.csproj", "{ED2532BA-8978-4995-8971-AC886E4AD65E}"
EndProject
Global
	GlobalSection(SolutionConfigurationPlatforms) = preSolution
		Debug|Any CPU = Debug|Any CPU
		Release|Any CPU = Release|Any CPU
	EndGlobalSection
	GlobalSection(ProjectConfigurationPlatforms) = postSolution
		{ED2532BA-8978-4995-8971-AC886E4AD65E}.Debug|Any CPU.ActiveCfg = Debug|Any CPU
		{ED2532BA-8978-4995-8971-AC886E4AD65E}.Debug|Any CPU.Build.0 = Debug|Any CPU
		{ED2532BA-8978-4995-8971-AC886E4AD65E}.Release|Any CPU.ActiveCfg = Release|Any CPU
		{ED2532BA-8978-4995-8971-AC886E4AD65E}.Release|Any CPU.Build.0 = Release|Any CPU
	EndGlobalSection
	GlobalSection(SolutionProperties) = preSolution
		HideSolutionNode = FALSE
	EndGlobalSection
	GlobalSection(ExtensibilityGlobals) = postSolution
		SolutionGuid = {A5E4909B-3C00-4A7F-9CA0-2A9BF9DA6596}
	EndGlobalSection
EndGlobal
